# This file was autogenerated by Stack.
# You should not edit this file by hand.
# For more information, please see the documentation at:
#   https://docs.haskellstack.org/en/stable/lock_files

packages:
- completed:
    hackage: syb-0.7.2.4@sha256:936d5a92084ad9d88c5a9dd2e622deab57ce48ce85be93e6273b3f8eb64c12ca,3872
    pantry-tree:
      sha256: 6c15efe240114f1104a5241a2b1f75f825e284cf118b6c66898c7b8fb0084043
      size: 3400
  original:
    hackage: syb-0.7.2.4
snapshots:
- completed:
    sha256: 400dfb2174640dd2f9f2ba7cbf9148699f2380ab64faa46f4be298a5d6205316
    size: 684057
    url: https://raw.githubusercontent.com/commercialhaskell/stackage-snapshots/master/lts/23/24.yaml
  original:
    url: https://raw.githubusercontent.com/commercialhaskell/stackage-snapshots/master/lts/23/24.yaml
